Microsoft Visual Studio Solution File, Format Version 12.00
# Visual Studio Version 17
VisualStudioVersion = 17.5.2.0
MinimumVisualStudioVersion = 10.0.40219.1
Project("{FAE04EC0-301F-11D3-BF4B-00C04F79EFBC}") = "TEZ", "TEZ.csproj", "{3ADB7032-A899-BF36-E52F-8C7E25E37606}"
EndProject
Global
	GlobalSection(SolutionConfigurationPlatforms) = preSolution
		Debug|Any CPU = Debug|Any CPU
		Release|Any CPU = Release|Any CPU
	EndGlobalSection
	GlobalSection(ProjectConfigurationPlatforms) = postSolution
		{3ADB7032-A899-BF36-E52F-8C7E25E37606}.Debug|Any CPU.ActiveCfg = Debug|Any CPU
		{3ADB7032-A899-BF36-E52F-8C7E25E37606}.Debug|Any CPU.Build.0 = Debug|Any CPU
		{3ADB7032-A899-BF36-E52F-8C7E25E37606}.Release|Any CPU.ActiveCfg = Release|Any CPU
		{3ADB7032-A899-BF36-E52F-8C7E25E37606}.Release|Any CPU.Build.0 = Release|Any CPU
	EndGlobalSection
	GlobalSection(SolutionProperties) = preSolution
		HideSolutionNode = FALSE
	EndGlobalSection
	GlobalSection(ExtensibilityGlobals) = postSolution
		SolutionGuid = {243B69CD-EFFC-452C-BC10-5A18A6772D06}
	EndGlobalSection
EndGlobal
